// !$*UTF8*$!
{
	archiveVersion = 1;
	classes = {
	};
	objectVersion = 53;
	objects = {

/* Begin PBXBuildFile section */
		3700F28026DD256D001BEE7A /* RNGToolApp.swift in Sources */ = {isa = PBXBuildFile; fileRef = 3700F27F26DD256D001BEE7A /* RNGToolApp.swift */; };
		3700F28226DD256D001BEE7A /* ContentView.swift in Sources */ = {isa = PBXBuildFile; fileRef = 3700F28126DD256D001BEE7A /* ContentView.swift */; };
		3700F28426DD2573001BEE7A /* Assets.xcassets in Resources */ = {isa = PBXBuildFile; fileRef = 3700F28326DD2573001BEE7A /* Assets.xcassets */; };
		3700F28726DD2573001BEE7A /* Preview Assets.xcassets in Resources */ = {isa = PBXBuildFile; fileRef = 3700F28626DD2573001BEE7A /* Preview Assets.xcassets */; };
		37010B972702697B00E32C35 /* MarbleSettings.swift in Sources */ = {isa = PBXBuildFile; fileRef = 37010B962702697B00E32C35 /* MarbleSettings.swift */; };
		3707EC452788711200E48CFA /* History.swift in Sources */ = {isa = PBXBuildFile; fileRef = 3707EC442788711200E48CFA /* History.swift */; };
		3713016A2719165A0061D344 /* AdvancedSettings.swift in Sources */ = {isa = PBXBuildFile; fileRef = 371301692719165A0061D344 /* AdvancedSettings.swift */; };
		371A2FF12777A7A500B94F66 /* History.swift in Sources */ = {isa = PBXBuildFile; fileRef = 371A2FF02777A7A500B94F66 /* History.swift */; };
		3725BF7C27697DC900A1B4E8 /* ContentView.swift in Sources */ = {isa = PBXBuildFile; fileRef = 3725BF7B27697DC900A1B4E8 /* ContentView.swift */; };
		3725BF8127697DCC00A1B4E8 /* Preview Assets.xcassets in Resources */ = {isa = PBXBuildFile; fileRef = 3725BF8027697DCC00A1B4E8 /* Preview Assets.xcassets */; };
		3725BF8527697E9A00A1B4E8 /* RNGToolApp.swift in Sources */ = {isa = PBXBuildFile; fileRef = 3700F27F26DD256D001BEE7A /* RNGToolApp.swift */; };
		3725BF8627697F1100A1B4E8 /* RNGToolCommands.swift in Sources */ = {isa = PBXBuildFile; fileRef = 37E97BA126DD7747000BF61B /* RNGToolCommands.swift */; };
		3729936628B5BA3600EDF9DE /* NumKeyboard.swift in Sources */ = {isa = PBXBuildFile; fileRef = 3729936528B5BA3600EDF9DE /* NumKeyboard.swift */; };
		3735F61F280FA003009EA45F /* Haptics.swift in Sources */ = {isa = PBXBuildFile; fileRef = 3735F61E280FA003009EA45F /* Haptics.swift */; };
		374B0EE527001749006CCD69 /* CardSettings.swift in Sources */ = {isa = PBXBuildFile; fileRef = 374B0EE427001749006CCD69 /* CardSettings.swift */; };
		374B0EE727001761006CCD69 /* NumberSettings.swift in Sources */ = {isa = PBXBuildFile; fileRef = 374B0EE627001761006CCD69 /* NumberSettings.swift */; };
		374B0EEC27001995006CCD69 /* MarbleMode.swift in Sources */ = {isa = PBXBuildFile; fileRef = 374B0EEB27001995006CCD69 /* MarbleMode.swift */; };
		3759793E27E568BF0013D365 /* UpdateCheck.swift in Sources */ = {isa = PBXBuildFile; fileRef = 3759793D27E568BF0013D365 /* UpdateCheck.swift */; };
		375C2A0B2778055E00904A03 /* Launch Screen.storyboard in Resources */ = {isa = PBXBuildFile; fileRef = 375C2A0A2778055E00904A03 /* Launch Screen.storyboard */; };
		37688CDD27713837003B64CB /* About.swift in Sources */ = {isa = PBXBuildFile; fileRef = 37688CDC27713837003B64CB /* About.swift */; };
		376FEADF276980B700571A78 /* Assets.xcassets in Resources */ = {isa = PBXBuildFile; fileRef = 3700F28326DD2573001BEE7A /* Assets.xcassets */; };
		376FEAE52769843500571A78 /* Utilities.swift in Sources */ = {isa = PBXBuildFile; fileRef = 37EF2027274F3B5800FD62BD /* Utilities.swift */; };
		376FEAEF27698D1600571A78 /* SettingsView.swift in Sources */ = {isa = PBXBuildFile; fileRef = 376FEAEE27698D1600571A78 /* SettingsView.swift */; };
		377D1E362D70A722005CB600 /* CoinMode.swift in Sources */ = {isa = PBXBuildFile; fileRef = 377D1E352D70A722005CB600 /* CoinMode.swift */; };
		3780887A2D76859F00C32D35 /* SettingsView.swift in Sources */ = {isa = PBXBuildFile; fileRef = 376FEAEE27698D1600571A78 /* SettingsView.swift */; };
		37A8B4D6278A8EF600A4D08F /* DevMode.swift in Sources */ = {isa = PBXBuildFile; fileRef = 37A8B4D5278A8EF600A4D08F /* DevMode.swift */; };
		37AB5BB4276FCFC700F753FC /* SettingsData.swift in Sources */ = {isa = PBXBuildFile; fileRef = 37AB5BB3276FCFC700F753FC /* SettingsData.swift */; };
		37AB5BB5276FCFC700F753FC /* SettingsData.swift in Sources */ = {isa = PBXBuildFile; fileRef = 37AB5BB3276FCFC700F753FC /* SettingsData.swift */; };
		37AB5BB8276FE46D00F753FC /* NumberMode.swift in Sources */ = {isa = PBXBuildFile; fileRef = 37AB5BB7276FE46D00F753FC /* NumberMode.swift */; };
		37B86DF22D6E244B008821C3 /* CoinMode.swift in Sources */ = {isa = PBXBuildFile; fileRef = 37B86DF12D6E244B008821C3 /* CoinMode.swift */; };
		37B86DFA2D6E2741008821C3 /* Views.swift in Sources */ = {isa = PBXBuildFile; fileRef = 37B86DF92D6E273F008821C3 /* Views.swift */; };
		37B86DFD2D6E277E008821C3 /* GlobalViews.swift in Sources */ = {isa = PBXBuildFile; fileRef = 37B86DFC2D6E277C008821C3 /* GlobalViews.swift */; };
		37B86DFE2D6E277E008821C3 /* GlobalViews.swift in Sources */ = {isa = PBXBuildFile; fileRef = 37B86DFC2D6E277C008821C3 /* GlobalViews.swift */; };
		37B86DFF2D6E277E008821C3 /* GlobalViews.swift in Sources */ = {isa = PBXBuildFile; fileRef = 37B86DFC2D6E277C008821C3 /* GlobalViews.swift */; };
		37D00E22276ADD6600968BEE /* DiceSettings.swift in Sources */ = {isa = PBXBuildFile; fileRef = 37DB700226FC03F90079F3E7 /* DiceSettings.swift */; };
		37D00E23276ADEAC00968BEE /* CardSettings.swift in Sources */ = {isa = PBXBuildFile; fileRef = 374B0EE427001749006CCD69 /* CardSettings.swift */; };
		37D00E24276ADF5C00968BEE /* MarbleSettings.swift in Sources */ = {isa = PBXBuildFile; fileRef = 37010B962702697B00E32C35 /* MarbleSettings.swift */; };
		37D00E25276AE0F000968BEE /* AdvancedSettings.swift in Sources */ = {isa = PBXBuildFile; fileRef = 371301692719165A0061D344 /* AdvancedSettings.swift */; };
		37D7771626E56F31005B2C45 /* CardMode.swift in Sources */ = {isa = PBXBuildFile; fileRef = 37D7771526E56F31005B2C45 /* CardMode.swift */; };
		37D8BF6828C2BF8700EFC2DC /* GeneralSettings.swift in Sources */ = {isa = PBXBuildFile; fileRef = 37D8BF6728C2BF8700EFC2DC /* GeneralSettings.swift */; };
		37D8BF6928C2BF8700EFC2DC /* GeneralSettings.swift in Sources */ = {isa = PBXBuildFile; fileRef = 37D8BF6728C2BF8700EFC2DC /* GeneralSettings.swift */; };
		37D8BF6A28C2BF8700EFC2DC /* GeneralSettings.swift in Sources */ = {isa = PBXBuildFile; fileRef = 37D8BF6728C2BF8700EFC2DC /* GeneralSettings.swift */; };
		37DB700126FC01EE0079F3E7 /* SettingsView.swift in Sources */ = {isa = PBXBuildFile; fileRef = 37DB700026FC01EE0079F3E7 /* SettingsView.swift */; };
		37DB700326FC03F90079F3E7 /* DiceSettings.swift in Sources */ = {isa = PBXBuildFile; fileRef = 37DB700226FC03F90079F3E7 /* DiceSettings.swift */; };
		37E2B7192D61347F007A91C5 /* ContentView.swift in Sources */ = {isa = PBXBuildFile; fileRef = 37E2B7182D61347F007A91C5 /* ContentView.swift */; };
		37E7DC5B2D6177E80054D341 /* Views.swift in Sources */ = {isa = PBXBuildFile; fileRef = 37E7DC5A2D6177E80054D341 /* Views.swift */; };
		37E7DC5E2D619ABC0054D341 /* CoinMode.swift in Sources */ = {isa = PBXBuildFile; fileRef = 37E7DC5C2D619ABC0054D341 /* CoinMode.swift */; };
		37E7DC612D62AEB20054D341 /* Motion.swift in Sources */ = {isa = PBXBuildFile; fileRef = 37E7DC602D62AEAD0054D341 /* Motion.swift */; };
		37E97B9826DD719A000BF61B /* NumberMode.swift in Sources */ = {isa = PBXBuildFile; fileRef = 37E97B9726DD719A000BF61B /* NumberMode.swift */; };
		37E97BA026DD75C6000BF61B /* DiceMode.swift in Sources */ = {isa = PBXBuildFile; fileRef = 37E97B9F26DD75C6000BF61B /* DiceMode.swift */; };
		37E97BA226DD7747000BF61B /* RNGToolCommands.swift in Sources */ = {isa = PBXBuildFile; fileRef = 37E97BA126DD7747000BF61B /* RNGToolCommands.swift */; };
		37E9F43C28C0265E0098037D /* RNGToolWrist-Info.plist in Resources */ = {isa = PBXBuildFile; fileRef = 37E9F43B28C0223C0098037D /* RNGToolWrist-Info.plist */; };
		37EF2028274F3B5800FD62BD /* Utilities.swift in Sources */ = {isa = PBXBuildFile; fileRef = 37EF2027274F3B5800FD62BD /* Utilities.swift */; };
		37F5720F27A8BA7F007D29FB /* Preview Assets.xcassets in Resources */ = {isa = PBXBuildFile; fileRef = 37F5720E27A8BA7F007D29FB /* Preview Assets.xcassets */; };
		37F5721327A8BA7F007D29FB /* RNGTool.app in Embed Watch Content */ = {isa = PBXBuildFile; fileRef = 37F571F827A8BA7A007D29FB /* RNGTool.app */; platformFilter = ios; settings = {ATTRIBUTES = (RemoveHeadersOnCopy, ); }; };
		37F5721D27A8BB7F007D29FB /* Assets.xcassets in Resources */ = {isa = PBXBuildFile; fileRef = 3700F28326DD2573001BEE7A /* Assets.xcassets */; };
		37F5721E27A8C294007D29FB /* RNGToolApp.swift in Sources */ = {isa = PBXBuildFile; fileRef = 3700F27F26DD256D001BEE7A /* RNGToolApp.swift */; };
		37F5722227A8C31B007D29FB /* CardSettings.swift in Sources */ = {isa = PBXBuildFile; fileRef = 374B0EE427001749006CCD69 /* CardSettings.swift */; };
		37F5722327A8C31B007D29FB /* SettingsData.swift in Sources */ = {isa = PBXBuildFile; fileRef = 37AB5BB3276FCFC700F753FC /* SettingsData.swift */; };
		37F5722427A8C31B007D29FB /* DiceSettings.swift in Sources */ = {isa = PBXBuildFile; fileRef = 37DB700226FC03F90079F3E7 /* DiceSettings.swift */; };
		37F5722527A8C31B007D29FB /* MarbleSettings.swift in Sources */ = {isa = PBXBuildFile; fileRef = 37010B962702697B00E32C35 /* MarbleSettings.swift */; };
		37F5722627A8C3C5007D29FB /* AdvancedSettings.swift in Sources */ = {isa = PBXBuildFile; fileRef = 371301692719165A0061D344 /* AdvancedSettings.swift */; };
		37F5722727A8C3CD007D29FB /* About.swift in Sources */ = {isa = PBXBuildFile; fileRef = 37688CDC27713837003B64CB /* About.swift */; };
		37F5722827A8C3E5007D29FB /* Utilities.swift in Sources */ = {isa = PBXBuildFile; fileRef = 37EF2027274F3B5800FD62BD /* Utilities.swift */; };
		37F5723227A8C573007D29FB /* DiceMode.swift in Sources */ = {isa = PBXBuildFile; fileRef = 37F5723127A8C573007D29FB /* DiceMode.swift */; };
		37F5723427A8C583007D29FB /* CardMode.swift in Sources */ = {isa = PBXBuildFile; fileRef = 37F5723327A8C583007D29FB /* CardMode.swift */; };
		37F5723627A8C58D007D29FB /* MarbleMode.swift in Sources */ = {isa = PBXBuildFile; fileRef = 37F5723527A8C58D007D29FB /* MarbleMode.swift */; };
		37F5723827A8C59B007D29FB /* NumberMode.swift in Sources */ = {isa = PBXBuildFile; fileRef = 37F5723727A8C59B007D29FB /* NumberMode.swift */; };
		37FC9815276FEAD20040BFB9 /* DiceMode.swift in Sources */ = {isa = PBXBuildFile; fileRef = 37FC9814276FEAD20040BFB9 /* DiceMode.swift */; };
		37FC9818276FEE600040BFB9 /* CardMode.swift in Sources */ = {isa = PBXBuildFile; fileRef = 37FC9817276FEE600040BFB9 /* CardMode.swift */; };
		37FC981A276FF1D20040BFB9 /* MarbleMode.swift in Sources */ = {isa = PBXBuildFile; fileRef = 37FC9819276FF1D20040BFB9 /* MarbleMode.swift */; };
/* End PBXBuildFile section */

/* Begin PBXContainerItemProxy section */
		37F059172E1B3EEA00D5C47A /* PBXContainerItemProxy */ = {
			isa = PBXContainerItemProxy;
			containerPortal = 3794432926D912B500900842 /* Project object */;
			proxyType = 1;
			remoteGlobalIDString = 37F571F727A8BA7A007D29FB;
			remoteInfo = RNGToolWrist;
		};
/* End PBXContainerItemProxy section */

/* Begin PBXCopyFilesBuildPhase section */
		37F5721B27A8BA7F007D29FB /* Embed Watch Content */ = {
			isa = PBXCopyFilesBuildPhase;
			buildActionMask = 2147483647;
			dstPath = "$(CONTENTS_FOLDER_PATH)/Watch";
			dstSubfolderSpec = 16;
			files = (
				37F5721327A8BA7F007D29FB /* RNGTool.app in Embed Watch Content */,
			);
			name = "Embed Watch Content";
			runOnlyForDeploymentPostprocessing = 0;
		};
/* End PBXCopyFilesBuildPhase section */

/* Begin PBXFileReference section */
		3700F27D26DD256D001BEE7A /* RNGTool.app */ = {isa = PBXFileReference; explicitFileType = wrapper.application; includeInIndex = 0; path = RNGTool.app; sourceTree = BUILT_PRODUCTS_DIR; };
		3700F27F26DD256D001BEE7A /* RNGToolApp.swift */ = {isa = PBXFileReference; lastKnownFileType = sourcecode.swift; path = RNGToolApp.swift; sourceTree = "<group>"; };
		3700F28126DD256D001BEE7A /* ContentView.swift */ = {isa = PBXFileReference; lastKnownFileType = sourcecode.swift; path = ContentView.swift; sourceTree = "<group>"; };
		3700F28326DD2573001BEE7A /* Assets.xcassets */ = {isa = PBXFileReference; lastKnownFileType = folder.assetcatalog; path = Assets.xcassets; sourceTree = "<group>"; };
		3700F28626DD2573001BEE7A /* Preview Assets.xcassets */ = {isa = PBXFileReference; lastKnownFileType = folder.assetcatalog; path = "Preview Assets.xcassets"; sourceTree = "<group>"; };
		3700F28826DD2573001BEE7A /* Info.plist */ = {isa = PBXFileReference; lastKnownFileType = text.plist.xml; path = Info.plist; sourceTree = "<group>"; };
		3700F28926DD2573001BEE7A /* RNGTool.entitlements */ = {isa = PBXFileReference; lastKnownFileType = text.plist.entitlements; path = RNGTool.entitlements; sourceTree = "<group>"; };
		37010B962702697B00E32C35 /* MarbleSettings.swift */ = {isa = PBXFileReference; lastKnownFileType = sourcecode.swift; path = MarbleSettings.swift; sourceTree = "<group>"; };
		3707EC442788711200E48CFA /* History.swift */ = {isa = PBXFileReference; lastKnownFileType = sourcecode.swift; path = History.swift; sourceTree = "<group>"; };
		371301692719165A0061D344 /* AdvancedSettings.swift */ = {isa = PBXFileReference; lastKnownFileType = sourcecode.swift; path = AdvancedSettings.swift; sourceTree = "<group>"; };
		371A2FF02777A7A500B94F66 /* History.swift */ = {isa = PBXFileReference; lastKnownFileType = sourcecode.swift; path = History.swift; sourceTree = "<group>"; };
		3725BF7727697DC900A1B4E8 /* RNGTool.app */ = {isa = PBXFileReference; explicitFileType = wrapper.application; includeInIndex = 0; path = RNGTool.app; sourceTree = BUILT_PRODUCTS_DIR; };
		3725BF7B27697DC900A1B4E8 /* ContentView.swift */ = {isa = PBXFileReference; lastKnownFileType = sourcecode.swift; path = ContentView.swift; sourceTree = "<group>"; };
		3725BF8027697DCC00A1B4E8 /* Preview Assets.xcassets */ = {isa = PBXFileReference; lastKnownFileType = folder.assetcatalog; path = "Preview Assets.xcassets"; sourceTree = "<group>"; };
		3729936528B5BA3600EDF9DE /* NumKeyboard.swift */ = {isa = PBXFileReference; lastKnownFileType = sourcecode.swift; path = NumKeyboard.swift; sourceTree = "<group>"; };
		3731BC1F2829E90D00E5F9D2 /* RNGTool Mobile.entitlements */ = {isa = PBXFileReference; lastKnownFileType = text.plist.entitlements; path = "RNGTool Mobile.entitlements"; sourceTree = "<group>"; };
		3735F61E280FA003009EA45F /* Haptics.swift */ = {isa = PBXFileReference; lastKnownFileType = sourcecode.swift; path = Haptics.swift; sourceTree = "<group>"; };
		374B0EE427001749006CCD69 /* CardSettings.swift */ = {isa = PBXFileReference; fileEncoding = 4; lastKnownFileType = sourcecode.swift; path = CardSettings.swift; sourceTree = "<group>"; };
		374B0EE627001761006CCD69 /* NumberSettings.swift */ = {isa = PBXFileReference; fileEncoding = 4; lastKnownFileType = sourcecode.swift; path = NumberSettings.swift; sourceTree = "<group>"; };
		374B0EEB27001995006CCD69 /* MarbleMode.swift */ = {isa = PBXFileReference; lastKnownFileType = sourcecode.swift; path = MarbleMode.swift; sourceTree = "<group>"; };
		3759793D27E568BF0013D365 /* UpdateCheck.swift */ = {isa = PBXFileReference; lastKnownFileType = sourcecode.swift; path = UpdateCheck.swift; sourceTree = "<group>"; };
		3759793F27E56AF30013D365 /* RNGToolWrist WatchKit Extension.entitlements */ = {isa = PBXFileReference; lastKnownFileType = text.plist.entitlements; path = "RNGToolWrist WatchKit Extension.entitlements"; sourceTree = "<group>"; };
		375C2A0A2778055E00904A03 /* Launch Screen.storyboard */ = {isa = PBXFileReference; lastKnownFileType = file.storyboard; path = "Launch Screen.storyboard"; sourceTree = "<group>"; };
		37688CDC27713837003B64CB /* About.swift */ = {isa = PBXFileReference; lastKnownFileType = sourcecode.swift; path = About.swift; sourceTree = "<group>"; };
		376FEAEE27698D1600571A78 /* SettingsView.swift */ = {isa = PBXFileReference; lastKnownFileType = sourcecode.swift; path = SettingsView.swift; sourceTree = "<group>"; };
		377D1E352D70A722005CB600 /* CoinMode.swift */ = {isa = PBXFileReference; lastKnownFileType = sourcecode.swift; path = CoinMode.swift; sourceTree = "<group>"; };
		37A8B4D5278A8EF600A4D08F /* DevMode.swift */ = {isa = PBXFileReference; lastKnownFileType = sourcecode.swift; path = DevMode.swift; sourceTree = "<group>"; };
		37AB5BB3276FCFC700F753FC /* SettingsData.swift */ = {isa = PBXFileReference; lastKnownFileType = sourcecode.swift; path = SettingsData.swift; sourceTree = "<group>"; };
		37AB5BB7276FE46D00F753FC /* NumberMode.swift */ = {isa = PBXFileReference; lastKnownFileType = sourcecode.swift; path = NumberMode.swift; sourceTree = "<group>"; };
		37B86DF12D6E244B008821C3 /* CoinMode.swift */ = {isa = PBXFileReference; lastKnownFileType = sourcecode.swift; path = CoinMode.swift; sourceTree = "<group>"; };
		37B86DF92D6E273F008821C3 /* Views.swift */ = {isa = PBXFileReference; lastKnownFileType = sourcecode.swift; path = Views.swift; sourceTree = "<group>"; };
		37B86DFC2D6E277C008821C3 /* GlobalViews.swift */ = {isa = PBXFileReference; lastKnownFileType = sourcecode.swift; path = GlobalViews.swift; sourceTree = "<group>"; };
		37BF55BC280C949F002425B2 /* RNGTool-Mobile-Info.plist */ = {isa = PBXFileReference; lastKnownFileType = text.plist; path = "RNGTool-Mobile-Info.plist"; sourceTree = SOURCE_ROOT; };
		37D7771526E56F31005B2C45 /* CardMode.swift */ = {isa = PBXFileReference; lastKnownFileType = sourcecode.swift; path = CardMode.swift; sourceTree = "<group>"; };
		37D8BF6728C2BF8700EFC2DC /* GeneralSettings.swift */ = {isa = PBXFileReference; lastKnownFileType = sourcecode.swift; path = GeneralSettings.swift; sourceTree = "<group>"; };
		37DB700026FC01EE0079F3E7 /* SettingsView.swift */ = {isa = PBXFileReference; lastKnownFileType = sourcecode.swift; path = SettingsView.swift; sourceTree = "<group>"; };
		37DB700226FC03F90079F3E7 /* DiceSettings.swift */ = {isa = PBXFileReference; lastKnownFileType = sourcecode.swift; path = DiceSettings.swift; sourceTree = "<group>"; };
		37E2B7182D61347F007A91C5 /* ContentView.swift */ = {isa = PBXFileReference; lastKnownFileType = sourcecode.swift; path = ContentView.swift; sourceTree = "<group>"; };
		37E7DC5A2D6177E80054D341 /* Views.swift */ = {isa = PBXFileReference; lastKnownFileType = sourcecode.swift; path = Views.swift; sourceTree = "<group>"; };
		37E7DC5C2D619ABC0054D341 /* CoinMode.swift */ = {isa = PBXFileReference; lastKnownFileType = sourcecode.swift; name = CoinMode.swift; path = "RNGTool Mobile/Modes/CoinMode.swift"; sourceTree = SOURCE_ROOT; };
		37E7DC602D62AEAD0054D341 /* Motion.swift */ = {isa = PBXFileReference; lastKnownFileType = sourcecode.swift; path = Motion.swift; sourceTree = "<group>"; };
		37E97B9726DD719A000BF61B /* NumberMode.swift */ = {isa = PBXFileReference; lastKnownFileType = sourcecode.swift; path = NumberMode.swift; sourceTree = "<group>"; };
		37E97B9F26DD75C6000BF61B /* DiceMode.swift */ = {isa = PBXFileReference; lastKnownFileType = sourcecode.swift; path = DiceMode.swift; sourceTree = "<group>"; };
		37E97BA126DD7747000BF61B /* RNGToolCommands.swift */ = {isa = PBXFileReference; lastKnownFileType = sourcecode.swift; path = RNGToolCommands.swift; sourceTree = "<group>"; };
		37E9F43B28C0223C0098037D /* RNGToolWrist-Info.plist */ = {isa = PBXFileReference; lastKnownFileType = text.plist.xml; path = "RNGToolWrist-Info.plist"; sourceTree = "<group>"; };
		37EF2027274F3B5800FD62BD /* Utilities.swift */ = {isa = PBXFileReference; lastKnownFileType = sourcecode.swift; path = Utilities.swift; sourceTree = "<group>"; };
		37F571F827A8BA7A007D29FB /* RNGTool.app */ = {isa = PBXFileReference; explicitFileType = wrapper.application; includeInIndex = 0; path = RNGTool.app; sourceTree = BUILT_PRODUCTS_DIR; };
		37F5720E27A8BA7F007D29FB /* Preview Assets.xcassets */ = {isa = PBXFileReference; lastKnownFileType = folder.assetcatalog; path = "Preview Assets.xcassets"; sourceTree = "<group>"; };
		37F5721027A8BA7F007D29FB /* Info.plist */ = {isa = PBXFileReference; lastKnownFileType = text.plist.xml; path = Info.plist; sourceTree = "<group>"; };
		37F5723127A8C573007D29FB /* DiceMode.swift */ = {isa = PBXFileReference; lastKnownFileType = sourcecode.swift; path = DiceMode.swift; sourceTree = "<group>"; };
		37F5723327A8C583007D29FB /* CardMode.swift */ = {isa = PBXFileReference; lastKnownFileType = sourcecode.swift; path = CardMode.swift; sourceTree = "<group>"; };
		37F5723527A8C58D007D29FB /* MarbleMode.swift */ = {isa = PBXFileReference; lastKnownFileType = sourcecode.swift; path = MarbleMode.swift; sourceTree = "<group>"; };
		37F5723727A8C59B007D29FB /* NumberMode.swift */ = {isa = PBXFileReference; lastKnownFileType = sourcecode.swift; path = NumberMode.swift; sourceTree = "<group>"; };
		37FC9814276FEAD20040BFB9 /* DiceMode.swift */ = {isa = PBXFileReference; lastKnownFileType = sourcecode.swift; path = DiceMode.swift; sourceTree = "<group>"; };
		37FC9817276FEE600040BFB9 /* CardMode.swift */ = {isa = PBXFileReference; lastKnownFileType = sourcecode.swift; path = CardMode.swift; sourceTree = "<group>"; };
		37FC9819276FF1D20040BFB9 /* MarbleMode.swift */ = {isa = PBXFileReference; lastKnownFileType = sourcecode.swift; path = MarbleMode.swift; sourceTree = "<group>"; };
/* End PBXFileReference section */

/* Begin PBXFrameworksBuildPhase section */
		3700F27A26DD256D001BEE7A /* Frameworks */ = {
			isa = PBXFrameworksBuildPhase;
			buildActionMask = 2147483647;
			files = (
			);
			runOnlyForDeploymentPostprocessing = 0;
		};
		3725BF7427697DC900A1B4E8 /* Frameworks */ = {
			isa = PBXFrameworksBuildPhase;
			buildActionMask = 2147483647;
			files = (
			);
			runOnlyForDeploymentPostprocessing = 0;
		};
		37F571FD27A8BA7D007D29FB /* Frameworks */ = {
			isa = PBXFrameworksBuildPhase;
			buildActionMask = 2147483647;
			files = (
			);
			runOnlyForDeploymentPostprocessing = 0;
		};
/* End PBXFrameworksBuildPhase section */

/* Begin PBXGroup section */
		3700F27E26DD256D001BEE7A /* RNGTool */ = {
			isa = PBXGroup;
			children = (
				37B86DF82D6E2738008821C3 /* Components */,
				37E97B9926DD71A2000BF61B /* Modes */,
				3700F28126DD256D001BEE7A /* ContentView.swift */,
				371A2FF02777A7A500B94F66 /* History.swift */,
				37DB700026FC01EE0079F3E7 /* SettingsView.swift */,
				3759793D27E568BF0013D365 /* UpdateCheck.swift */,
				3700F28326DD2573001BEE7A /* Assets.xcassets */,
				3700F28826DD2573001BEE7A /* Info.plist */,
				3700F28926DD2573001BEE7A /* RNGTool.entitlements */,
				3700F28526DD2573001BEE7A /* Preview Content */,
			);
			path = RNGTool;
			sourceTree = "<group>";
		};
		3700F28526DD2573001BEE7A /* Preview Content */ = {
			isa = PBXGroup;
			children = (
				3700F28626DD2573001BEE7A /* Preview Assets.xcassets */,
			);
			path = "Preview Content";
			sourceTree = "<group>";
		};
		3725BF7827697DC900A1B4E8 /* RNGTool Mobile */ = {
			isa = PBXGroup;
			children = (
				37E7DC5F2D62AE4C0054D341 /* Components */,
				37AB5BB6276FE42400F753FC /* Modes */,
				37688CDC27713837003B64CB /* About.swift */,
				3725BF7B27697DC900A1B4E8 /* ContentView.swift */,
				37A8B4D5278A8EF600A4D08F /* DevMode.swift */,
				3707EC442788711200E48CFA /* History.swift */,
				376FEAEE27698D1600571A78 /* SettingsView.swift */,
				375C2A0A2778055E00904A03 /* Launch Screen.storyboard */,
				3731BC1F2829E90D00E5F9D2 /* RNGTool Mobile.entitlements */,
				37BF55BC280C949F002425B2 /* RNGTool-Mobile-Info.plist */,
				3725BF7F27697DCC00A1B4E8 /* Preview Content */,
			);
			path = "RNGTool Mobile";
			sourceTree = "<group>";
		};
		3725BF7F27697DCC00A1B4E8 /* Preview Content */ = {
			isa = PBXGroup;
			children = (
				3725BF8027697DCC00A1B4E8 /* Preview Assets.xcassets */,
			);
			path = "Preview Content";
			sourceTree = "<group>";
		};
		3794432826D912B500900842 = {
			isa = PBXGroup;
			children = (
				37BF55B9280C92A1002425B2 /* Global */,
				3700F27E26DD256D001BEE7A /* RNGTool */,
				3725BF7827697DC900A1B4E8 /* RNGTool Mobile */,
				37F5720427A8BA7D007D29FB /* RNGToolWrist WatchKit Extension */,
				379A29ED2D5EB0C000A90C5C /* Frameworks */,
				3794433226D912B500900842 /* Products */,
			);
			sourceTree = "<group>";
		};
		3794433226D912B500900842 /* Products */ = {
			isa = PBXGroup;
			children = (
				3700F27D26DD256D001BEE7A /* RNGTool.app */,
				3725BF7727697DC900A1B4E8 /* RNGTool.app */,
				37F571F827A8BA7A007D29FB /* RNGTool.app */,
			);
			name = Products;
			sourceTree = "<group>";
		};
		379A29ED2D5EB0C000A90C5C /* Frameworks */ = {
			isa = PBXGroup;
			children = (
			);
			name = Frameworks;
			sourceTree = "<group>";
		};
		37AB5BB6276FE42400F753FC /* Modes */ = {
			isa = PBXGroup;
			children = (
				37AB5BB7276FE46D00F753FC /* NumberMode.swift */,
				37E7DC5C2D619ABC0054D341 /* CoinMode.swift */,
				37FC9814276FEAD20040BFB9 /* DiceMode.swift */,
				37FC9817276FEE600040BFB9 /* CardMode.swift */,
				37FC9819276FF1D20040BFB9 /* MarbleMode.swift */,
			);
			path = Modes;
			sourceTree = "<group>";
		};
		37B08FD52D6FEFA2003FBBBF /* Components */ = {
			isa = PBXGroup;
			children = (
				3729936528B5BA3600EDF9DE /* NumKeyboard.swift */,
			);
			path = Components;
			sourceTree = "<group>";
		};
		37B86DF82D6E2738008821C3 /* Components */ = {
			isa = PBXGroup;
			children = (
				37B86DF92D6E273F008821C3 /* Views.swift */,
			);
			path = Components;
			sourceTree = "<group>";
		};
		37B86DFB2D6E2776008821C3 /* Components */ = {
			isa = PBXGroup;
			children = (
				37B86DFC2D6E277C008821C3 /* GlobalViews.swift */,
			);
			path = Components;
			sourceTree = "<group>";
		};
		37BF55B9280C92A1002425B2 /* Global */ = {
			isa = PBXGroup;
			children = (
				37B86DFB2D6E2776008821C3 /* Components */,
				37DB700426FC03FE0079F3E7 /* Settings */,
				3700F27F26DD256D001BEE7A /* RNGToolApp.swift */,
				37E97BA126DD7747000BF61B /* RNGToolCommands.swift */,
				37EF2027274F3B5800FD62BD /* Utilities.swift */,
			);
			path = Global;
			sourceTree = "<group>";
		};
		37DB700426FC03FE0079F3E7 /* Settings */ = {
			isa = PBXGroup;
			children = (
				37AB5BB3276FCFC700F753FC /* SettingsData.swift */,
				371301692719165A0061D344 /* AdvancedSettings.swift */,
				374B0EE627001761006CCD69 /* NumberSettings.swift */,
				37DB700226FC03F90079F3E7 /* DiceSettings.swift */,
				374B0EE427001749006CCD69 /* CardSettings.swift */,
				37010B962702697B00E32C35 /* MarbleSettings.swift */,
				37D8BF6728C2BF8700EFC2DC /* GeneralSettings.swift */,
			);
			path = Settings;
			sourceTree = "<group>";
		};
		37E7DC5F2D62AE4C0054D341 /* Components */ = {
			isa = PBXGroup;
			children = (
				37E7DC602D62AEAD0054D341 /* Motion.swift */,
				3735F61E280FA003009EA45F /* Haptics.swift */,
				37E7DC5A2D6177E80054D341 /* Views.swift */,
			);
			path = Components;
			sourceTree = "<group>";
		};
		37E97B9926DD71A2000BF61B /* Modes */ = {
			isa = PBXGroup;
			children = (
				37E97B9726DD719A000BF61B /* NumberMode.swift */,
				37B86DF12D6E244B008821C3 /* CoinMode.swift */,
				37E97B9F26DD75C6000BF61B /* DiceMode.swift */,
				37D7771526E56F31005B2C45 /* CardMode.swift */,
				374B0EEB27001995006CCD69 /* MarbleMode.swift */,
			);
			path = Modes;
			sourceTree = "<group>";
		};
		37F5720427A8BA7D007D29FB /* RNGToolWrist WatchKit Extension */ = {
			isa = PBXGroup;
			children = (
				37B08FD52D6FEFA2003FBBBF /* Components */,
				37F5723027A8C551007D29FB /* Modes */,
				37E2B7182D61347F007A91C5 /* ContentView.swift */,
				3759793F27E56AF30013D365 /* RNGToolWrist WatchKit Extension.entitlements */,
				37F5721027A8BA7F007D29FB /* Info.plist */,
				37E9F43B28C0223C0098037D /* RNGToolWrist-Info.plist */,
				37F5720D27A8BA7F007D29FB /* Preview Content */,
			);
			path = "RNGToolWrist WatchKit Extension";
			sourceTree = "<group>";
		};
		37F5720D27A8BA7F007D29FB /* Preview Content */ = {
			isa = PBXGroup;
			children = (
				37F5720E27A8BA7F007D29FB /* Preview Assets.xcassets */,
			);
			path = "Preview Content";
			sourceTree = "<group>";
		};
		37F5723027A8C551007D29FB /* Modes */ = {
			isa = PBXGroup;
			children = (
				37F5723727A8C59B007D29FB /* NumberMode.swift */,
				377D1E352D70A722005CB600 /* CoinMode.swift */,
				37F5723127A8C573007D29FB /* DiceMode.swift */,
				37F5723327A8C583007D29FB /* CardMode.swift */,
				37F5723527A8C58D007D29FB /* MarbleMode.swift */,
			);
			path = Modes;
			sourceTree = "<group>";
		};
/* End PBXGroup section */

/* Begin PBXNativeTarget section */
		3700F27C26DD256D001BEE7A /* RNGTool */ = {
			isa = PBXNativeTarget;
			buildConfigurationList = 3700F28C26DD2573001BEE7A /* Build configuration list for PBXNativeTarget "RNGTool" */;
			buildPhases = (
				3700F27926DD256D001BEE7A /* Sources */,
				3700F27A26DD256D001BEE7A /* Frameworks */,
				3700F27B26DD256D001BEE7A /* Resources */,
			);
			buildRules = (
			);
			dependencies = (
			);
			name = RNGTool;
			productName = RNGTool;
			productReference = 3700F27D26DD256D001BEE7A /* RNGTool.app */;
			productType = "com.apple.product-type.application";
		};
		3725BF7627697DC900A1B4E8 /* RNGTool Mobile */ = {
			isa = PBXNativeTarget;
			buildConfigurationList = 3725BF8427697DCC00A1B4E8 /* Build configuration list for PBXNativeTarget "RNGTool Mobile" */;
			buildPhases = (
				3725BF7327697DC900A1B4E8 /* Sources */,
				3725BF7427697DC900A1B4E8 /* Frameworks */,
				3725BF7527697DC900A1B4E8 /* Resources */,
				37F5721B27A8BA7F007D29FB /* Embed Watch Content */,
			);
			buildRules = (
			);
			dependencies = (
				37F059182E1B3EEA00D5C47A /* PBXTargetDependency */,
			);
			name = "RNGTool Mobile";
			productName = "RNGTool Mobile";
			productReference = 3725BF7727697DC900A1B4E8 /* RNGTool.app */;
			productType = "com.apple.product-type.application";
		};
		37F571F727A8BA7A007D29FB /* RNGToolWrist */ = {
			isa = PBXNativeTarget;
			buildConfigurationList = 37F5721827A8BA7F007D29FB /* Build configuration list for PBXNativeTarget "RNGToolWrist" */;
			buildPhases = (
				37F571F627A8BA7A007D29FB /* Resources */,
				37F571FC27A8BA7D007D29FB /* Sources */,
				37F571FD27A8BA7D007D29FB /* Frameworks */,
			);
			buildRules = (
			);
			dependencies = (
			);
			name = RNGToolWrist;
			productName = RNGToolWrist;
			productReference = 37F571F827A8BA7A007D29FB /* RNGTool.app */;
			productType = "com.apple.product-type.application";
		};
/* End PBXNativeTarget section */

/* Begin PBXProject section */
		3794432926D912B500900842 /* Project object */ = {
			isa = PBXProject;
			attributes = {
				BuildIndependentTargetsInParallel = YES;
				LastSwiftUpdateCheck = 1320;
				LastUpgradeCheck = 1640;
				TargetAttributes = {
					3700F27C26DD256D001BEE7A = {
						CreatedOnToolsVersion = 12.5.1;
					};
					3725BF7627697DC900A1B4E8 = {
						CreatedOnToolsVersion = 13.2;
					};
					37F571F727A8BA7A007D29FB = {
						CreatedOnToolsVersion = 13.2.1;
					};
				};
			};
			buildConfigurationList = 3794432C26D912B500900842 /* Build configuration list for PBXProject "RNGTool" */;
			compatibilityVersion = "Xcode 11.4";
			developmentRegion = en;
			hasScannedForEncodings = 0;
			knownRegions = (
				en,
				Base,
			);
			mainGroup = 3794432826D912B500900842;
			productRefGroup = 3794433226D912B500900842 /* Products */;
			projectDirPath = "";
			projectRoot = "";
			targets = (
				3700F27C26DD256D001BEE7A /* RNGTool */,
				3725BF7627697DC900A1B4E8 /* RNGTool Mobile */,
				37F571F727A8BA7A007D29FB /* RNGToolWrist */,
			);
		};
/* End PBXProject section */

/* Begin PBXResourcesBuildPhase section */
		3700F27B26DD256D001BEE7A /* Resources */ = {
			isa = PBXResourcesBuildPhase;
			buildActionMask = 2147483647;
			files = (
				3700F28726DD2573001BEE7A /* Preview Assets.xcassets in Resources */,
				3700F28426DD2573001BEE7A /* Assets.xcassets in Resources */,
			);
			runOnlyForDeploymentPostprocessing = 0;
		};
		3725BF7527697DC900A1B4E8 /* Resources */ = {
			isa = PBXResourcesBuildPhase;
			buildActionMask = 2147483647;
			files = (
				375C2A0B2778055E00904A03 /* Launch Screen.storyboard in Resources */,
				376FEADF276980B700571A78 /* Assets.xcassets in Resources */,
				3725BF8127697DCC00A1B4E8 /* Preview Assets.xcassets in Resources */,
			);
			runOnlyForDeploymentPostprocessing = 0;
		};
		37F571F627A8BA7A007D29FB /* Resources */ = {
			isa = PBXResourcesBuildPhase;
			buildActionMask = 2147483647;
			files = (
				37E9F43C28C0265E0098037D /* RNGToolWrist-Info.plist in Resources */,
				37F5720F27A8BA7F007D29FB /* Preview Assets.xcassets in Resources */,
				37F5721D27A8BB7F007D29FB /* Assets.xcassets in Resources */,
			);
			runOnlyForDeploymentPostprocessing = 0;
		};
/* End PBXResourcesBuildPhase section */

/* Begin PBXSourcesBuildPhase section */
		3700F27926DD256D001BEE7A /* Sources */ = {
			isa = PBXSourcesBuildPhase;
			buildActionMask = 2147483647;
			files = (
				37B86DF22D6E244B008821C3 /* CoinMode.swift in Sources */,
				371A2FF12777A7A500B94F66 /* History.swift in Sources */,
				3700F28226DD256D001BEE7A /* ContentView.swift in Sources */,
				37DB700126FC01EE0079F3E7 /* SettingsView.swift in Sources */,
				3713016A2719165A0061D344 /* AdvancedSettings.swift in Sources */,
				37EF2028274F3B5800FD62BD /* Utilities.swift in Sources */,
				37D7771626E56F31005B2C45 /* CardMode.swift in Sources */,
				374B0EE527001749006CCD69 /* CardSettings.swift in Sources */,
				37B86DFA2D6E2741008821C3 /* Views.swift in Sources */,
				37E97BA026DD75C6000BF61B /* DiceMode.swift in Sources */,
				37E97B9826DD719A000BF61B /* NumberMode.swift in Sources */,
				37AB5BB4276FCFC700F753FC /* SettingsData.swift in Sources */,
				37DB700326FC03F90079F3E7 /* DiceSettings.swift in Sources */,
				3759793E27E568BF0013D365 /* UpdateCheck.swift in Sources */,
				374B0EE727001761006CCD69 /* NumberSettings.swift in Sources */,
				3700F28026DD256D001BEE7A /* RNGToolApp.swift in Sources */,
				37D8BF6828C2BF8700EFC2DC /* GeneralSettings.swift in Sources */,
				37B86DFF2D6E277E008821C3 /* GlobalViews.swift in Sources */,
				374B0EEC27001995006CCD69 /* MarbleMode.swift in Sources */,
				37010B972702697B00E32C35 /* MarbleSettings.swift in Sources */,
				37E97BA226DD7747000BF61B /* RNGToolCommands.swift in Sources */,
			);
			runOnlyForDeploymentPostprocessing = 0;
		};
		3725BF7327697DC900A1B4E8 /* Sources */ = {
			isa = PBXSourcesBuildPhase;
			buildActionMask = 2147483647;
			files = (
				3735F61F280FA003009EA45F /* Haptics.swift in Sources */,
				37AB5BB5276FCFC700F753FC /* SettingsData.swift in Sources */,
				37FC9815276FEAD20040BFB9 /* DiceMode.swift in Sources */,
				376FEAEF27698D1600571A78 /* SettingsView.swift in Sources */,
				37B86DFE2D6E277E008821C3 /* GlobalViews.swift in Sources */,
				3725BF7C27697DC900A1B4E8 /* ContentView.swift in Sources */,
				37E7DC5E2D619ABC0054D341 /* CoinMode.swift in Sources */,
				37D00E25276AE0F000968BEE /* AdvancedSettings.swift in Sources */,
				37D00E23276ADEAC00968BEE /* CardSettings.swift in Sources */,
				37D00E22276ADD6600968BEE /* DiceSettings.swift in Sources */,
				37FC9818276FEE600040BFB9 /* CardMode.swift in Sources */,
				37A8B4D6278A8EF600A4D08F /* DevMode.swift in Sources */,
				37D00E24276ADF5C00968BEE /* MarbleSettings.swift in Sources */,
				37FC981A276FF1D20040BFB9 /* MarbleMode.swift in Sources */,
				3707EC452788711200E48CFA /* History.swift in Sources */,
				37688CDD27713837003B64CB /* About.swift in Sources */,
				37E7DC612D62AEB20054D341 /* Motion.swift in Sources */,
				37D8BF6928C2BF8700EFC2DC /* GeneralSettings.swift in Sources */,
				3725BF8627697F1100A1B4E8 /* RNGToolCommands.swift in Sources */,
				376FEAE52769843500571A78 /* Utilities.swift in Sources */,
				37E7DC5B2D6177E80054D341 /* Views.swift in Sources */,
				3725BF8527697E9A00A1B4E8 /* RNGToolApp.swift in Sources */,
				37AB5BB8276FE46D00F753FC /* NumberMode.swift in Sources */,
			);
			runOnlyForDeploymentPostprocessing = 0;
		};
		37F571FC27A8BA7D007D29FB /* Sources */ = {
			isa = PBXSourcesBuildPhase;
			buildActionMask = 2147483647;
			files = (
				37F5722627A8C3C5007D29FB /* AdvancedSettings.swift in Sources */,
				37F5723227A8C573007D29FB /* DiceMode.swift in Sources */,
				37F5722327A8C31B007D29FB /* SettingsData.swift in Sources */,
				3780887A2D76859F00C32D35 /* SettingsView.swift in Sources */,
				37D8BF6A28C2BF8700EFC2DC /* GeneralSettings.swift in Sources */,
				3729936628B5BA3600EDF9DE /* NumKeyboard.swift in Sources */,
				37F5722527A8C31B007D29FB /* MarbleSettings.swift in Sources */,
				37E2B7192D61347F007A91C5 /* ContentView.swift in Sources */,
				37F5723827A8C59B007D29FB /* NumberMode.swift in Sources */,
				37F5722427A8C31B007D29FB /* DiceSettings.swift in Sources */,
				37F5723427A8C583007D29FB /* CardMode.swift in Sources */,
				377D1E362D70A722005CB600 /* CoinMode.swift in Sources */,
				37F5722227A8C31B007D29FB /* CardSettings.swift in Sources */,
				37B86DFD2D6E277E008821C3 /* GlobalViews.swift in Sources */,
				37F5722727A8C3CD007D29FB /* About.swift in Sources */,
				37F5722827A8C3E5007D29FB /* Utilities.swift in Sources */,
				37F5721E27A8C294007D29FB /* RNGToolApp.swift in Sources */,
				37F5723627A8C58D007D29FB /* MarbleMode.swift in Sources */,
			);
			runOnlyForDeploymentPostprocessing = 0;
		};
/* End PBXSourcesBuildPhase section */

/* Begin PBXTargetDependency section */
		37F059182E1B3EEA00D5C47A /* PBXTargetDependency */ = {
			isa = PBXTargetDependency;
			platformFilter = ios;
			target = 37F571F727A8BA7A007D29FB /* RNGToolWrist */;
			targetProxy = 37F059172E1B3EEA00D5C47A /* PBXContainerItemProxy */;
		};
/* End PBXTargetDependency section */

/* Begin XCBuildConfiguration section */
		3700F28A26DD2573001BEE7A /* Debug */ = {
			isa = XCBuildConfiguration;
			buildSettings = {
				ASSETCATALOG_COMPILER_APPICON_NAME = AppIcon;
				ASSETCATALOG_COMPILER_GLOBAL_ACCENT_COLOR_NAME = AccentColor;
				ASSETCATALOG_COMPILER_INCLUDE_ALL_APPICON_ASSETS = NO;
				CODE_SIGN_ENTITLEMENTS = RNGTool/RNGTool.entitlements;
				CODE_SIGN_IDENTITY = "Apple Development";
				"CODE_SIGN_IDENTITY[sdk=macosx*]" = "Apple Development";
				CODE_SIGN_STYLE = Automatic;
				COMBINE_HIDPI_IMAGES = YES;
				CURRENT_PROJECT_VERSION = 3;
				DEAD_CODE_STRIPPING = YES;
				DEVELOPMENT_ASSET_PATHS = "\"RNGTool/Preview Content\"";
				DEVELOPMENT_TEAM = 95J8WZ4TN8;
				ENABLE_HARDENED_RUNTIME = YES;
				ENABLE_PREVIEWS = YES;
				INFOPLIST_FILE = RNGTool/Info.plist;
				INFOPLIST_KEY_CFBundleDisplayName = RNGTool;
				INFOPLIST_KEY_LSApplicationCategoryType = "public.app-category.utilities";
				LD_RUNPATH_SEARCH_PATHS = (
					"$(inherited)",
					"@executable_path/../Frameworks",
				);
				MACOSX_DEPLOYMENT_TARGET = 12.4;
				MARKETING_VERSION = 3.1.0;
				PRODUCT_BUNDLE_IDENTIFIER = com.ncxprogramming.RNGTool;
				PRODUCT_NAME = "$(TARGET_NAME)";
				PROVISIONING_PROFILE_SPECIFIER = "";
				SWIFT_VERSION = 5.0;
			};
			name = Debug;
		};
		3700F28B26DD2573001BEE7A /* Release */ = {
			isa = XCBuildConfiguration;
			buildSettings = {
				ASSETCATALOG_COMPILER_APPICON_NAME = AppIcon;
				ASSETCATALOG_COMPILER_GLOBAL_ACCENT_COLOR_NAME = AccentColor;
				ASSETCATALOG_COMPILER_INCLUDE_ALL_APPICON_ASSETS = NO;
				CODE_SIGN_ENTITLEMENTS = RNGTool/RNGTool.entitlements;
				CODE_SIGN_IDENTITY = "Apple Development";
				"CODE_SIGN_IDENTITY[sdk=macosx*]" = "Apple Development";
				CODE_SIGN_STYLE = Automatic;
				COMBINE_HIDPI_IMAGES = YES;
				CURRENT_PROJECT_VERSION = 3;
				DEAD_CODE_STRIPPING = YES;
				DEVELOPMENT_ASSET_PATHS = "\"RNGTool/Preview Content\"";
				DEVELOPMENT_TEAM = 95J8WZ4TN8;
				ENABLE_HARDENED_RUNTIME = YES;
				ENABLE_PREVIEWS = YES;
				INFOPLIST_FILE = RNGTool/Info.plist;
				INFOPLIST_KEY_CFBundleDisplayName = RNGTool;
				INFOPLIST_KEY_LSApplicationCategoryType = "public.app-category.utilities";
				LD_RUNPATH_SEARCH_PATHS = (
					"$(inherited)",
					"@executable_path/../Frameworks",
				);
				MACOSX_DEPLOYMENT_TARGET = 12.4;
				MARKETING_VERSION = 3.1.0;
				PRODUCT_BUNDLE_IDENTIFIER = com.ncxprogramming.RNGTool;
				PRODUCT_NAME = "$(TARGET_NAME)";
				PROVISIONING_PROFILE_SPECIFIER = "";
				SWIFT_VERSION = 5.0;
			};
			name = Release;
		};
		3725BF8227697DCC00A1B4E8 /* Debug */ = {
			isa = XCBuildConfiguration;
			buildSettings = {
				ASSETCATALOG_COMPILER_APPICON_NAME = AppIcon;
				ASSETCATALOG_COMPILER_GLOBAL_ACCENT_COLOR_NAME = AccentColor;
				ASSETCATALOG_COMPILER_INCLUDE_ALL_APPICON_ASSETS = NO;
				CLANG_CXX_LANGUAGE_STANDARD = "gnu++17";
				CODE_SIGN_ENTITLEMENTS = "RNGTool Mobile/RNGTool Mobile.entitlements";
				CODE_SIGN_IDENTITY = "Apple Development";
				CODE_SIGN_STYLE = Automatic;
				CURRENT_PROJECT_VERSION = 4;
				DEVELOPMENT_ASSET_PATHS = "\"RNGTool Mobile/Preview Content\"";
				DEVELOPMENT_TEAM = 95J8WZ4TN8;
				ENABLE_PREVIEWS = YES;
				GENERATE_INFOPLIST_FILE = YES;
				INFOPLIST_FILE = "RNGTool-Mobile-Info.plist";
				INFOPLIST_KEY_CFBundleDisplayName = RNGTool;
				INFOPLIST_KEY_ITSAppUsesNonExemptEncryption = NO;
				INFOPLIST_KEY_LSApplicationCategoryType = "public.app-category.utilities";
				INFOPLIST_KEY_NSHumanReadableCopyright = "Copyright © 2022-2025 NinjaCheetah";
				INFOPLIST_KEY_UIApplicationSceneManifest_Generation = YES;
				INFOPLIST_KEY_UIApplicationSupportsIndirectInputEvents = YES;
				INFOPLIST_KEY_UILaunchScreen_Generation = YES;
				INFOPLIST_KEY_UILaunchStoryboardName = "Launch Screen";
				INFOPLIST_KEY_UISupportedInterfaceOrientations = UIInterfaceOrientationPortrait;
				INFOPLIST_KEY_UISupportedInterfaceOrientations_iPad = "UIInterfaceOrientationLandscapeLeft UIInterfaceOrientationLandscapeRight UIInterfaceOrientationPortrait UIInterfaceOrientationPortraitUpsideDown";
				IPHONEOS_DEPLOYMENT_TARGET = 15.6;
				LD_RUNPATH_SEARCH_PATHS = (
					"$(inherited)",
					"@executable_path/Frameworks",
				);
				MARKETING_VERSION = 3.1.0;
				PRODUCT_BUNDLE_IDENTIFIER = com.ncxprogramming.RNGTool;
				PRODUCT_NAME = RNGTool;
				PROVISIONING_PROFILE_SPECIFIER = "";
				SDKROOT = iphoneos;
				SUPPORTS_MACCATALYST = NO;
				SWIFT_EMIT_LOC_STRINGS = YES;
				SWIFT_VERSION = 5.0;
				TARGETED_DEVICE_FAMILY = "1,2";
			};
			name = Debug;
		};
		3725BF8327697DCC00A1B4E8 /* Release */ = {
			isa = XCBuildConfiguration;
			buildSettings = {
				ASSETCATALOG_COMPILER_APPICON_NAME = AppIcon;
				ASSETCATALOG_COMPILER_GLOBAL_ACCENT_COLOR_NAME = AccentColor;
				ASSETCATALOG_COMPILER_INCLUDE_ALL_APPICON_ASSETS = NO;
				CLANG_CXX_LANGUAGE_STANDARD = "gnu++17";
				CODE_SIGN_ENTITLEMENTS = "RNGTool Mobile/RNGTool Mobile.entitlements";
				CODE_SIGN_IDENTITY = "Apple Development";
				CODE_SIGN_STYLE = Automatic;
				CURRENT_PROJECT_VERSION = 4;
				DEVELOPMENT_ASSET_PATHS = "\"RNGTool Mobile/Preview Content\"";
				DEVELOPMENT_TEAM = 95J8WZ4TN8;
				ENABLE_PREVIEWS = YES;
				GENERATE_INFOPLIST_FILE = YES;
				INFOPLIST_FILE = "RNGTool-Mobile-Info.plist";
				INFOPLIST_KEY_CFBundleDisplayName = RNGTool;
				INFOPLIST_KEY_ITSAppUsesNonExemptEncryption = NO;
				INFOPLIST_KEY_LSApplicationCategoryType = "public.app-category.utilities";
				INFOPLIST_KEY_NSHumanReadableCopyright = "Copyright © 2022-2025 NinjaCheetah";
				INFOPLIST_KEY_UIApplicationSceneManifest_Generation = YES;
				INFOPLIST_KEY_UIApplicationSupportsIndirectInputEvents = YES;
				INFOPLIST_KEY_UILaunchScreen_Generation = YES;
				INFOPLIST_KEY_UILaunchStoryboardName = "Launch Screen";
				INFOPLIST_KEY_UISupportedInterfaceOrientations = UIInterfaceOrientationPortrait;
				INFOPLIST_KEY_UISupportedInterfaceOrientations_iPad = "UIInterfaceOrientationLandscapeLeft UIInterfaceOrientationLandscapeRight UIInterfaceOrientationPortrait UIInterfaceOrientationPortraitUpsideDown";
				IPHONEOS_DEPLOYMENT_TARGET = 15.6;
				LD_RUNPATH_SEARCH_PATHS = (
					"$(inherited)",
					"@executable_path/Frameworks",
				);
				MARKETING_VERSION = 3.1.0;
				PRODUCT_BUNDLE_IDENTIFIER = com.ncxprogramming.RNGTool;
				PRODUCT_NAME = RNGTool;
				PROVISIONING_PROFILE_SPECIFIER = "";
				SDKROOT = iphoneos;
				SUPPORTS_MACCATALYST = NO;
				SWIFT_EMIT_LOC_STRINGS = YES;
				SWIFT_VERSION = 5.0;
				TARGETED_DEVICE_FAMILY = "1,2";
				VALIDATE_PRODUCT = YES;
			};
			name = Release;
		};
		3794434226D912BB00900842 /* Debug */ = {
			isa = XCBuildConfiguration;
			buildSettings = {
				ALWAYS_SEARCH_USER_PATHS = NO;
				CLANG_ANALYZER_NONNULL = YES;
				CLANG_ANALYZER_NUMBER_OBJECT_CONVERSION = YES_AGGRESSIVE;
				CLANG_CXX_LANGUAGE_STANDARD = "gnu++14";
				CLANG_CXX_LIBRARY = "libc++";
				CLANG_ENABLE_MODULES = YES;
				CLANG_ENABLE_OBJC_ARC = YES;
				CLANG_ENABLE_OBJC_WEAK = YES;
				CLANG_WARN_BLOCK_CAPTURE_AUTORELEASING = YES;
				CLANG_WARN_BOOL_CONVERSION = YES;
				CLANG_WARN_COMMA = YES;
				CLANG_WARN_CONSTANT_CONVERSION = YES;
				CLANG_WARN_DEPRECATED_OBJC_IMPLEMENTATIONS = YES;
				CLANG_WARN_DIRECT_OBJC_ISA_USAGE = YES_ERROR;
				CLANG_WARN_DOCUMENTATION_COMMENTS = YES;
				CLANG_WARN_EMPTY_BODY = YES;
				CLANG_WARN_ENUM_CONVERSION = YES;
				CLANG_WARN_INFINITE_RECURSION = YES;
				CLANG_WARN_INT_CONVERSION = YES;
				CLANG_WARN_NON_LITERAL_NULL_CONVERSION = YES;
				CLANG_WARN_OBJC_IMPLICIT_RETAIN_SELF = YES;
				CLANG_WARN_OBJC_LITERAL_CONVERSION = YES;
				CLANG_WARN_OBJC_ROOT_CLASS = YES_ERROR;
				CLANG_WARN_QUOTED_INCLUDE_IN_FRAMEWORK_HEADER = YES;
				CLANG_WARN_RANGE_LOOP_ANALYSIS = YES;
				CLANG_WARN_STRICT_PROTOTYPES = YES;
				CLANG_WARN_SUSPICIOUS_MOVE = YES;
				CLANG_WARN_UNGUARDED_AVAILABILITY = YES_AGGRESSIVE;
				CLANG_WARN_UNREACHABLE_CODE = YES;
				CLANG_WARN__DUPLICATE_METHOD_MATCH = YES;
				COPY_PHASE_STRIP = NO;
				DEAD_CODE_STRIPPING = YES;
				DEBUG_INFORMATION_FORMAT = dwarf;
				DEVELOPMENT_TEAM = 5GF7GKNTK4;
				ENABLE_STRICT_OBJC_MSGSEND = YES;
				ENABLE_TESTABILITY = YES;
				ENABLE_USER_SCRIPT_SANDBOXING = YES;
				GCC_C_LANGUAGE_STANDARD = gnu11;
				GCC_DYNAMIC_NO_PIC = NO;
				GCC_NO_COMMON_BLOCKS = YES;
				GCC_OPTIMIZATION_LEVEL = 0;
				GCC_PREPROCESSOR_DEFINITIONS = (
					"DEBUG=1",
					"$(inherited)",
				);
				GCC_WARN_64_TO_32_BIT_CONVERSION = YES;
				GCC_WARN_ABOUT_RETURN_TYPE = YES_ERROR;
				GCC_WARN_UNDECLARED_SELECTOR = YES;
				GCC_WARN_UNINITIALIZED_AUTOS = YES_AGGRESSIVE;
				GCC_WARN_UNUSED_FUNCTION = YES;
				GCC_WARN_UNUSED_VARIABLE = YES;
				MACOSX_DEPLOYMENT_TARGET = 11.3;
				MTL_ENABLE_DEBUG_INFO = INCLUDE_SOURCE;
				MTL_FAST_MATH = YES;
				ONLY_ACTIVE_ARCH = YES;
				SDKROOT = macosx;
				SWIFT_ACTIVE_COMPILATION_CONDITIONS = DEBUG;
				SWIFT_OPTIMIZATION_LEVEL = "-Onone";
			};
			name = Debug;
		};
		3794434326D912BB00900842 /* Release */ = {
			isa = XCBuildConfiguration;
			buildSettings = {
				ALWAYS_SEARCH_USER_PATHS = NO;
				CLANG_ANALYZER_NONNULL = YES;
				CLANG_ANALYZER_NUMBER_OBJECT_CONVERSION = YES_AGGRESSIVE;
				CLANG_CXX_LANGUAGE_STANDARD = "gnu++14";
				CLANG_CXX_LIBRARY = "libc++";
				CLANG_ENABLE_MODULES = YES;
				CLANG_ENABLE_OBJC_ARC = YES;
				CLANG_ENABLE_OBJC_WEAK = YES;
				CLANG_WARN_BLOCK_CAPTURE_AUTORELEASING = YES;
				CLANG_WARN_BOOL_CONVERSION = YES;
				CLANG_WARN_COMMA = YES;
				CLANG_WARN_CONSTANT_CONVERSION = YES;
				CLANG_WARN_DEPRECATED_OBJC_IMPLEMENTATIONS = YES;
				CLANG_WARN_DIRECT_OBJC_ISA_USAGE = YES_ERROR;
				CLANG_WARN_DOCUMENTATION_COMMENTS = YES;
				CLANG_WARN_EMPTY_BODY = YES;
				CLANG_WARN_ENUM_CONVERSION = YES;
				CLANG_WARN_INFINITE_RECURSION = YES;
				CLANG_WARN_INT_CONVERSION = YES;
				CLANG_WARN_NON_LITERAL_NULL_CONVERSION = YES;
				CLANG_WARN_OBJC_IMPLICIT_RETAIN_SELF = YES;
				CLANG_WARN_OBJC_LITERAL_CONVERSION = YES;
				CLANG_WARN_OBJC_ROOT_CLASS = YES_ERROR;
				CLANG_WARN_QUOTED_INCLUDE_IN_FRAMEWORK_HEADER = YES;
				CLANG_WARN_RANGE_LOOP_ANALYSIS = YES;
				CLANG_WARN_STRICT_PROTOTYPES = YES;
				CLANG_WARN_SUSPICIOUS_MOVE = YES;
				CLANG_WARN_UNGUARDED_AVAILABILITY = YES_AGGRESSIVE;
				CLANG_WARN_UNREACHABLE_CODE = YES;
				CLANG_WARN__DUPLICATE_METHOD_MATCH = YES;
				COPY_PHASE_STRIP = NO;
				DEAD_CODE_STRIPPING = YES;
				DEBUG_INFORMATION_FORMAT = "dwarf-with-dsym";
				DEVELOPMENT_TEAM = 5GF7GKNTK4;
				ENABLE_NS_ASSERTIONS = NO;
				ENABLE_STRICT_OBJC_MSGSEND = YES;
				ENABLE_USER_SCRIPT_SANDBOXING = YES;
				GCC_C_LANGUAGE_STANDARD = gnu11;
				GCC_NO_COMMON_BLOCKS = YES;
				GCC_WARN_64_TO_32_BIT_CONVERSION = YES;
				GCC_WARN_ABOUT_RETURN_TYPE = YES_ERROR;
				GCC_WARN_UNDECLARED_SELECTOR = YES;
				GCC_WARN_UNINITIALIZED_AUTOS = YES_AGGRESSIVE;
				GCC_WARN_UNUSED_FUNCTION = YES;
				GCC_WARN_UNUSED_VARIABLE = YES;
				MACOSX_DEPLOYMENT_TARGET = 11.3;
				MTL_ENABLE_DEBUG_INFO = NO;
				MTL_FAST_MATH = YES;
				SDKROOT = macosx;
				SWIFT_COMPILATION_MODE = wholemodule;
				SWIFT_OPTIMIZATION_LEVEL = "-O";
			};
			name = Release;
		};
		37F5721927A8BA7F007D29FB /* Debug */ = {
			isa = XCBuildConfiguration;
			buildSettings = {
				ASSETCATALOG_COMPILER_APPICON_NAME = AppIcon;
				ASSETCATALOG_COMPILER_COMPLICATION_NAME = Complication;
				ASSETCATALOG_COMPILER_GLOBAL_ACCENT_COLOR_NAME = AccentColor;
				CLANG_CXX_LANGUAGE_STANDARD = "gnu++17";
				CODE_SIGN_ENTITLEMENTS = "RNGToolWrist WatchKit Extension/RNGToolWrist WatchKit Extension.entitlements";
				CODE_SIGN_IDENTITY = "Apple Development";
				CODE_SIGN_STYLE = Automatic;
				CURRENT_PROJECT_VERSION = 2;
				DEVELOPMENT_TEAM = 95J8WZ4TN8;
				GENERATE_INFOPLIST_FILE = YES;
				INFOPLIST_FILE = "RNGToolWrist-Info.plist";
				INFOPLIST_KEY_CFBundleDisplayName = RNGTool;
				INFOPLIST_KEY_ITSAppUsesNonExemptEncryption = NO;
				INFOPLIST_KEY_LSApplicationCategoryType = "public.app-category.utilities";
				INFOPLIST_KEY_NSHumanReadableCopyright = "Copyright © 2022-2025 NinjaCheetah";
				INFOPLIST_KEY_UISupportedInterfaceOrientations = "UIInterfaceOrientationPortrait UIInterfaceOrientationPortraitUpsideDown";
				INFOPLIST_KEY_WKCompanionAppBundleIdentifier = com.ncxprogramming.RNGTool;
				INFOPLIST_KEY_WKRunsIndependentlyOfCompanionApp = YES;
				LD_RUNPATH_SEARCH_PATHS = (
					"@executable_path/Frameworks",
					"@executable_path/../../Frameworks",
				);
				MARKETING_VERSION = 3.1.0;
				PRODUCT_BUNDLE_IDENTIFIER = com.ncxprogramming.RNGTool.watchextension;
				PRODUCT_NAME = RNGTool;
				SDKROOT = watchos;
				SKIP_INSTALL = YES;
				SWIFT_EMIT_LOC_STRINGS = YES;
				SWIFT_VERSION = 5.0;
				TARGETED_DEVICE_FAMILY = 4;
				WATCHOS_DEPLOYMENT_TARGET = 8.3;
			};
			name = Debug;
		};
		37F5721A27A8BA7F007D29FB /* Release */ = {
			isa = XCBuildConfiguration;
			buildSettings = {
				ASSETCATALOG_COMPILER_APPICON_NAME = AppIcon;
				ASSETCATALOG_COMPILER_COMPLICATION_NAME = Complication;
				ASSETCATALOG_COMPILER_GLOBAL_ACCENT_COLOR_NAME = AccentColor;
				CLANG_CXX_LANGUAGE_STANDARD = "gnu++17";
				CODE_SIGN_ENTITLEMENTS = "RNGToolWrist WatchKit Extension/RNGToolWrist WatchKit Extension.entitlements";
				CODE_SIGN_IDENTITY = "Apple Development";
				CODE_SIGN_STYLE = Automatic;
				CURRENT_PROJECT_VERSION = 2;
				DEVELOPMENT_TEAM = 95J8WZ4TN8;
				GENERATE_INFOPLIST_FILE = YES;
				INFOPLIST_FILE = "RNGToolWrist-Info.plist";
				INFOPLIST_KEY_CFBundleDisplayName = RNGTool;
				INFOPLIST_KEY_ITSAppUsesNonExemptEncryption = NO;
				INFOPLIST_KEY_LSApplicationCategoryType = "public.app-category.utilities";
				INFOPLIST_KEY_NSHumanReadableCopyright = "Copyright © 2022-2025 NinjaCheetah";
				INFOPLIST_KEY_UISupportedInterfaceOrientations = "UIInterfaceOrientationPortrait UIInterfaceOrientationPortraitUpsideDown";
				INFOPLIST_KEY_WKCompanionAppBundleIdentifier = com.ncxprogramming.RNGTool;
				INFOPLIST_KEY_WKRunsIndependentlyOfCompanionApp = YES;
				LD_RUNPATH_SEARCH_PATHS = (
					"@executable_path/Frameworks",
					"@executable_path/../../Frameworks",
				);
				MARKETING_VERSION = 3.1.0;
				PRODUCT_BUNDLE_IDENTIFIER = com.ncxprogramming.RNGTool.watchextension;
				PRODUCT_NAME = RNGTool;
				SDKROOT = watchos;
				SKIP_INSTALL = YES;
				SWIFT_EMIT_LOC_STRINGS = YES;
				SWIFT_VERSION = 5.0;
				TARGETED_DEVICE_FAMILY = 4;
				VALIDATE_PRODUCT = YES;
				WATCHOS_DEPLOYMENT_TARGET = 8.3;
			};
			name = Release;
		};
/* End XCBuildConfiguration section */

/* Begin XCConfigurationList section */
		3700F28C26DD2573001BEE7A /* Build configuration list for PBXNativeTarget "RNGTool" */ = {
			isa = XCConfigurationList;
			buildConfigurations = (
				3700F28A26DD2573001BEE7A /* Debug */,
				3700F28B26DD2573001BEE7A /* Release */,
			);
			defaultConfigurationIsVisible = 0;
			defaultConfigurationName = Release;
		};
		3725BF8427697DCC00A1B4E8 /* Build configuration list for PBXNativeTarget "RNGTool Mobile" */ = {
			isa = XCConfigurationList;
			buildConfigurations = (
				3725BF8227697DCC00A1B4E8 /* Debug */,
				3725BF8327697DCC00A1B4E8 /* Release */,
			);
			defaultConfigurationIsVisible = 0;
			defaultConfigurationName = Release;
		};
		3794432C26D912B500900842 /* Build configuration list for PBXProject "RNGTool" */ = {
			isa = XCConfigurationList;
			buildConfigurations = (
				3794434226D912BB00900842 /* Debug */,
				3794434326D912BB00900842 /* Release */,
			);
			defaultConfigurationIsVisible = 0;
			defaultConfigurationName = Release;
		};
		37F5721827A8BA7F007D29FB /* Build configuration list for PBXNativeTarget "RNGToolWrist" */ = {
			isa = XCConfigurationList;
			buildConfigurations = (
				37F5721927A8BA7F007D29FB /* Debug */,
				37F5721A27A8BA7F007D29FB /* Release */,
			);
			defaultConfigurationIsVisible = 0;
			defaultConfigurationName = Release;
		};
/* End XCConfigurationList section */
	};
	rootObject = 3794432926D912B500900842 /* Project object */;
}
